
Microsoft Visual Studio Solution File, Format Version 12.00
# Visual Studio Version 17
VisualStudioVersion = 17.11.35327.3
MinimumVisualStudioVersion = 10.0.40219.1
Project("{FAE04EC0-301F-11D3-BF4B-00C04F79EFBC}") = "PhoneHolder0.Model", "PhoneHolder0.Model\PhoneHolder0.Model.csproj", "{84D436CD-D1C8-462F-BD59-F5B05FF298E1}"
EndProject
Project("{FAE04EC0-301F-11D3-BF4B-00C04F79EFBC}") = "PhoneHolder.View", "PhoneHolder.View\PhoneHolder.View.csproj", "{A86D2759-6C36-4396-BD55-B7694AA399C7}"
EndProject
Global
	GlobalSection(SolutionConfigurationPlatforms) = preSolution
		Debug|Any CPU = Debug|Any CPU
		Release|Any CPU = Release|Any CPU
	EndGlobalSection
	GlobalSection(ProjectConfigurationPlatforms) = postSolution
		{84D436CD-D1C8-462F-BD59-F5B05FF298E1}.Debug|Any CPU.ActiveCfg = Debug|Any CPU
		{84D436CD-D1C8-462F-BD59-F5B05FF298E1}.Debug|Any CPU.Build.0 = Debug|Any CPU
		{84D436CD-D1C8-462F-BD59-F5B05FF298E1}.Release|Any CPU.ActiveCfg = Release|Any CPU
		{84D436CD-D1C8-462F-BD59-F5B05FF298E1}.Release|Any CPU.Build.0 = Release|Any CPU
		{A86D2759-6C36-4396-BD55-B7694AA399C7}.Debug|Any CPU.ActiveCfg = Debug|Any CPU
		{A86D2759-6C36-4396-BD55-B7694AA399C7}.Debug|Any CPU.Build.0 = Debug|Any CPU
		{A86D2759-6C36-4396-BD55-B7694AA399C7}.Release|Any CPU.ActiveCfg = Release|Any CPU
		{A86D2759-6C36-4396-BD55-B7694AA399C7}.Release|Any CPU.Build.0 = Release|Any CPU
	EndGlobalSection
	GlobalSection(SolutionProperties) = preSolution
		HideSolutionNode = FALSE
	EndGlobalSection
	GlobalSection(ExtensibilityGlobals) = postSolution
		SolutionGuid = {2095D289-8D25-4596-92C8-C95B53F23EBE}
	EndGlobalSection
EndGlobal
